
Microsoft Visual Studio Solution File, Format Version 12.00
# Visual Studio 15
VisualStudioVersion = 15.0.27130.2036
MinimumVisualStudioVersion = 10.0.40219.1
Project("{8BC9CEB8-8B4A-11D0-8D11-00A0C91BC942}") = "Mastermind", "Mastermind.vcxproj", "{C0092464-B69D-49D3-A934-3542FA7DEB3D}"
EndProject
Global
	GlobalSection(SolutionConfigurationPlatforms) = preSolution
		Debug|x64 = Debug|x64
		Debug|x86 = Debug|x86
		Release|x64 = Release|x64
		Release|x86 = Release|x86
	EndGlobalSection
	GlobalSection(ProjectConfigurationPlatforms) = postSolution
		{C0092464-B69D-49D3-A934-3542FA7DEB3D}.Debug|x64.ActiveCfg = Debug|x64
		{C0092464-B69D-49D3-A934-3542FA7DEB3D}.Debug|x64.Build.0 = Debug|x64
		{C0092464-B69D-49D3-A934-3542FA7DEB3D}.Debug|x86.ActiveCfg = Debug|Win32
		{C0092464-B69D-49D3-A934-3542FA7DEB3D}.Debug|x86.Build.0 = Debug|Win32
		{C0092464-B69D-49D3-A934-3542FA7DEB3D}.Release|x64.ActiveCfg = Release|x64
		{C0092464-B69D-49D3-A934-3542FA7DEB3D}.Release|x64.Build.0 = Release|x64
		{C0092464-B69D-49D3-A934-3542FA7DEB3D}.Release|x86.ActiveCfg = Release|Win32
		{C0092464-B69D-49D3-A934-3542FA7DEB3D}.Release|x86.Build.0 = Release|Win32
	EndGlobalSection
	GlobalSection(SolutionProperties) = preSolution
		HideSolutionNode = FALSE
	EndGlobalSection
	GlobalSection(ExtensibilityGlobals) = postSolution
		SolutionGuid = {7F276E4F-28A4-4AC0-BA8F-234B50B15F1E}
	EndGlobalSection
EndGlobal
